// !$*UTF8*$!
{
	archiveVersion = 1;
	classes = {
	};
	objectVersion = 46;
	objects = {

/* Begin PBXBuildFile section */
		4190671F164A811300953614 /* UIKit.framework in Frameworks */ = {isa = PBXBuildFile; fileRef = 4190671E164A811300953614 /* UIKit.framework */; };
		41906721164A811300953614 /* Foundation.framework in Frameworks */ = {isa = PBXBuildFile; fileRef = 41906720164A811300953614 /* Foundation.framework */; };
		41906723164A811300953614 /* CoreGraphics.framework in Frameworks */ = {isa = PBXBuildFile; fileRef = 41906722164A811300953614 /* CoreGraphics.framework */; };
		41906725164A811300953614 /* CoreData.framework in Frameworks */ = {isa = PBXBuildFile; fileRef = 41906724164A811300953614 /* CoreData.framework */; };
		4190672B164A811300953614 /* InfoPlist.strings in Resources */ = {isa = PBXBuildFile; fileRef = 41906729164A811300953614 /* InfoPlist.strings */; };
		4190672D164A811300953614 /* main.m in Sources */ = {isa = PBXBuildFile; fileRef = 4190672C164A811300953614 /* main.m */; };
		41906731164A811300953614 /* ToDoAppDelegate.m in Sources */ = {isa = PBXBuildFile; fileRef = 41906730164A811300953614 /* ToDoAppDelegate.m */; };
		41906733164A811300953614 /* Default.png in Resources */ = {isa = PBXBuildFile; fileRef = 41906732164A811300953614 /* Default.png */; };
		41906735164A811300953614 /* Default@2x.png in Resources */ = {isa = PBXBuildFile; fileRef = 41906734164A811300953614 /* Default@2x.png */; };
		41906737164A811300953614 /* Default-568h@2x.png in Resources */ = {isa = PBXBuildFile; fileRef = 41906736164A811300953614 /* Default-568h@2x.png */; };
		4190673A164A811300953614 /* ToDo.xcdatamodeld in Sources */ = {isa = PBXBuildFile; fileRef = 41906738164A811300953614 /* ToDo.xcdatamodeld */; };
		41906787164A92ED00953614 /* ToDoMainStoryboard.storyboard in Resources */ = {isa = PBXBuildFile; fileRef = 41906786164A92ED00953614 /* ToDoMainStoryboard.storyboard */; };
		4190678A164A955E00953614 /* ToDoListListViewController.m in Sources */ = {isa = PBXBuildFile; fileRef = 41906789164A955E00953614 /* ToDoListListViewController.m */; };
		4190678D164A95C100953614 /* ToDoListItemListViewController.m in Sources */ = {isa = PBXBuildFile; fileRef = 4190678C164A95C100953614 /* ToDoListItemListViewController.m */; };
		41906790164A961500953614 /* ToDoListItemDetailsViewController.m in Sources */ = {isa = PBXBuildFile; fileRef = 4190678F164A961500953614 /* ToDoListItemDetailsViewController.m */; };
		41906799164AA20E00953614 /* ToDoList.m in Sources */ = {isa = PBXBuildFile; fileRef = 41906798164AA20E00953614 /* ToDoList.m */; };
		4190679C164AA20F00953614 /* ToDoListItem.m in Sources */ = {isa = PBXBuildFile; fileRef = 4190679B164AA20F00953614 /* ToDoListItem.m */; };
		4190679F164AB02600953614 /* ToDoList+Customization.m in Sources */ = {isa = PBXBuildFile; fileRef = 4190679E164AB02500953614 /* ToDoList+Customization.m */; };
		41DA44B01653D5470063DFCF /* ToDoEditListViewController.m in Sources */ = {isa = PBXBuildFile; fileRef = 41DA44AF1653D5460063DFCF /* ToDoEditListViewController.m */; };
/* End PBXBuildFile section */

/* Begin PBXFileReference section */
		4190671A164A811300953614 /* ToDo.app */ = {isa = PBXFileReference; explicitFileType = wrapper.application; includeInIndex = 0; path = ToDo.app; sourceTree = BUILT_PRODUCTS_DIR; };
		4190671E164A811300953614 /* UIKit.framework */ = {isa = PBXFileReference; lastKnownFileType = wrapper.framework; name = UIKit.framework; path = System/Library/Frameworks/UIKit.framework; sourceTree = SDKROOT; };
		41906720164A811300953614 /* Foundation.framework */ = {isa = PBXFileReference; lastKnownFileType = wrapper.framework; name = Foundation.framework; path = System/Library/Frameworks/Foundation.framework; sourceTree = SDKROOT; };
		41906722164A811300953614 /* CoreGraphics.framework */ = {isa = PBXFileReference; lastKnownFileType = wrapper.framework; name = CoreGraphics.framework; path = System/Library/Frameworks/CoreGraphics.framework; sourceTree = SDKROOT; };
		41906724164A811300953614 /* CoreData.framework */ = {isa = PBXFileReference; lastKnownFileType = wrapper.framework; name = CoreData.framework; path = System/Library/Frameworks/CoreData.framework; sourceTree = SDKROOT; };
		41906728164A811300953614 /* ToDo-Info.plist */ = {isa = PBXFileReference; lastKnownFileType = text.plist.xml; path = "ToDo-Info.plist"; sourceTree = "<group>"; };
		4190672A164A811300953614 /* en */ = {isa = PBXFileReference; lastKnownFileType = text.plist.strings; name = en; path = en.lproj/InfoPlist.strings; sourceTree = "<group>"; };
		4190672C164A811300953614 /* main.m */ = {isa = PBXFileReference; lastKnownFileType = sourcecode.c.objc; path = main.m; sourceTree = "<group>"; };
		4190672E164A811300953614 /* ToDo-Prefix.pch */ = {isa = PBXFileReference; lastKnownFileType = sourcecode.c.h; path = "ToDo-Prefix.pch"; sourceTree = "<group>"; };
		4190672F164A811300953614 /* ToDoAppDelegate.h */ = {isa = PBXFileReference; lastKnownFileType = sourcecode.c.h; path = ToDoAppDelegate.h; sourceTree = "<group>"; };
		41906730164A811300953614 /* ToDoAppDelegate.m */ = {isa = PBXFileReference; lastKnownFileType = sourcecode.c.objc; path = ToDoAppDelegate.m; sourceTree = "<group>"; };
		41906732164A811300953614 /* Default.png */ = {isa = PBXFileReference; lastKnownFileType = image.png; path = Default.png; sourceTree = "<group>"; };
		41906734164A811300953614 /* Default@2x.png */ = {isa = PBXFileReference; lastKnownFileType = image.png; path = "Default@2x.png"; sourceTree = "<group>"; };
		41906736164A811300953614 /* Default-568h@2x.png */ = {isa = PBXFileReference; lastKnownFileType = image.png; path = "Default-568h@2x.png"; sourceTree = "<group>"; };
		41906739164A811300953614 /* ToDo.xcdatamodel */ = {isa = PBXFileReference; lastKnownFileType = wrapper.xcdatamodel; path = ToDo.xcdatamodel; sourceTree = "<group>"; };
		41906786164A92ED00953614 /* ToDoMainStoryboard.storyboard */ = {isa = PBXFileReference; fileEncoding = 4; lastKnownFileType = file.storyboard; path = ToDoMainStoryboard.storyboard; sourceTree = "<group>"; };
		41906788164A955E00953614 /* ToDoListListViewController.h */ = {isa = PBXFileReference; fileEncoding = 4; lastKnownFileType = sourcecode.c.h; path = ToDoListListViewController.h; sourceTree = "<group>"; };
		41906789164A955E00953614 /* ToDoListListViewController.m */ = {isa = PBXFileReference; fileEncoding = 4; lastKnownFileType = sourcecode.c.objc; path = ToDoListListViewController.m; sourceTree = "<group>"; };
		4190678B164A95C100953614 /* ToDoListItemListViewController.h */ = {isa = PBXFileReference; fileEncoding = 4; lastKnownFileType = sourcecode.c.h; path = ToDoListItemListViewController.h; sourceTree = "<group>"; };
		4190678C164A95C100953614 /* ToDoListItemListViewController.m */ = {isa = PBXFileReference; fileEncoding = 4; lastKnownFileType = sourcecode.c.objc; path = ToDoListItemListViewController.m; sourceTree = "<group>"; };
		4190678E164A961500953614 /* ToDoListItemDetailsViewController.h */ = {isa = PBXFileReference; fileEncoding = 4; lastKnownFileType = sourcecode.c.h; path = ToDoListItemDetailsViewController.h; sourceTree = "<group>"; };
		4190678F164A961500953614 /* ToDoListItemDetailsViewController.m */ = {isa = PBXFileReference; fileEncoding = 4; lastKnownFileType = sourcecode.c.objc; path = ToDoListItemDetailsViewController.m; sourceTree = "<group>"; };
		41906797164AA20E00953614 /* ToDoList.h */ = {isa = PBXFileReference; fileEncoding = 4; lastKnownFileType = sourcecode.c.h; path = ToDoList.h; sourceTree = "<group>"; };
		41906798164AA20E00953614 /* ToDoList.m */ = {isa = PBXFileReference; fileEncoding = 4; lastKnownFileType = sourcecode.c.objc; path = ToDoList.m; sourceTree = "<group>"; };
		4190679A164AA20E00953614 /* ToDoListItem.h */ = {isa = PBXFileReference; fileEncoding = 4; lastKnownFileType = sourcecode.c.h; path = ToDoListItem.h; sourceTree = "<group>"; };
		4190679B164AA20F00953614 /* ToDoListItem.m */ = {isa = PBXFileReference; fileEncoding = 4; lastKnownFileType = sourcecode.c.objc; path = ToDoListItem.m; sourceTree = "<group>"; };
		4190679D164AB02500953614 /* ToDoList+Customization.h */ = {isa = PBXFileReference; fileEncoding = 4; lastKnownFileType = sourcecode.c.h; path = "ToDoList+Customization.h"; sourceTree = "<group>"; };
		4190679E164AB02500953614 /* ToDoList+Customization.m */ = {isa = PBXFileReference; fileEncoding = 4; lastKnownFileType = sourcecode.c.objc; path = "ToDoList+Customization.m"; sourceTree = "<group>"; };
		41DA44AE1653D5460063DFCF /* ToDoEditListViewController.h */ = {isa = PBXFileReference; fileEncoding = 4; lastKnownFileType = sourcecode.c.h; path = ToDoEditListViewController.h; sourceTree = "<group>"; };
		41DA44AF1653D5460063DFCF /* ToDoEditListViewController.m */ = {isa = PBXFileReference; fileEncoding = 4; lastKnownFileType = sourcecode.c.objc; path = ToDoEditListViewController.m; sourceTree = "<group>"; };
/* End PBXFileReference section */

/* Begin PBXFrameworksBuildPhase section */
		41906717164A811300953614 /* Frameworks */ = {
			isa = PBXFrameworksBuildPhase;
			buildActionMask = 2147483647;
			files = (
				4190671F164A811300953614 /* UIKit.framework in Frameworks */,
				41906721164A811300953614 /* Foundation.framework in Frameworks */,
				41906723164A811300953614 /* CoreGraphics.framework in Frameworks */,
				41906725164A811300953614 /* CoreData.framework in Frameworks */,
			);
			runOnlyForDeploymentPostprocessing = 0;
		};
/* End PBXFrameworksBuildPhase section */

/* Begin PBXGroup section */
		4190670F164A811300953614 = {
			isa = PBXGroup;
			children = (
				41906726164A811300953614 /* ToDo */,
				4190671D164A811300953614 /* Frameworks */,
				4190671B164A811300953614 /* Products */,
			);
			sourceTree = "<group>";
		};
		4190671B164A811300953614 /* Products */ = {
			isa = PBXGroup;
			children = (
				4190671A164A811300953614 /* ToDo.app */,
			);
			name = Products;
			sourceTree = "<group>";
		};
		4190671D164A811300953614 /* Frameworks */ = {
			isa = PBXGroup;
			children = (
				4190671E164A811300953614 /* UIKit.framework */,
				41906720164A811300953614 /* Foundation.framework */,
				41906722164A811300953614 /* CoreGraphics.framework */,
				41906724164A811300953614 /* CoreData.framework */,
			);
			name = Frameworks;
			sourceTree = "<group>";
		};
		41906726164A811300953614 /* ToDo */ = {
			isa = PBXGroup;
			children = (
				41DA44AE1653D5460063DFCF /* ToDoEditListViewController.h */,
				41DA44AF1653D5460063DFCF /* ToDoEditListViewController.m */,
				4190679A164AA20E00953614 /* ToDoListItem.h */,
				4190679B164AA20F00953614 /* ToDoListItem.m */,
				41906797164AA20E00953614 /* ToDoList.h */,
				41906798164AA20E00953614 /* ToDoList.m */,
				4190672F164A811300953614 /* ToDoAppDelegate.h */,
				41906730164A811300953614 /* ToDoAppDelegate.m */,
				41906738164A811300953614 /* ToDo.xcdatamodeld */,
				4190679D164AB02500953614 /* ToDoList+Customization.h */,
				4190679E164AB02500953614 /* ToDoList+Customization.m */,
				41906727164A811300953614 /* Supporting Files */,
				41906786164A92ED00953614 /* ToDoMainStoryboard.storyboard */,
				41906788164A955E00953614 /* ToDoListListViewController.h */,
				41906789164A955E00953614 /* ToDoListListViewController.m */,
				4190678B164A95C100953614 /* ToDoListItemListViewController.h */,
				4190678C164A95C100953614 /* ToDoListItemListViewController.m */,
				4190678E164A961500953614 /* ToDoListItemDetailsViewController.h */,
				4190678F164A961500953614 /* ToDoListItemDetailsViewController.m */,
			);
			path = ToDo;
			sourceTree = "<group>";
		};
		41906727164A811300953614 /* Supporting Files */ = {
			isa = PBXGroup;
			children = (
				41906728164A811300953614 /* ToDo-Info.plist */,
				41906729164A811300953614 /* InfoPlist.strings */,
				4190672C164A811300953614 /* main.m */,
				4190672E164A811300953614 /* ToDo-Prefix.pch */,
				41906732164A811300953614 /* Default.png */,
				41906734164A811300953614 /* Default@2x.png */,
				41906736164A811300953614 /* Default-568h@2x.png */,
			);
			name = "Supporting Files";
			sourceTree = "<group>";
		};
/* End PBXGroup section */

/* Begin PBXNativeTarget section */
		41906719164A811300953614 /* ToDo */ = {
			isa = PBXNativeTarget;
			buildConfigurationList = 4190673D164A811300953614 /* Build configuration list for PBXNativeTarget "ToDo" */;
			buildPhases = (
				41906716164A811300953614 /* Sources */,
				41906717164A811300953614 /* Frameworks */,
				41906718164A811300953614 /* Resources */,
			);
			buildRules = (
			);
			dependencies = (
			);
			name = ToDo;
			productName = ToDo;
			productReference = 4190671A164A811300953614 /* ToDo.app */;
			productType = "com.apple.product-type.application";
		};
/* End PBXNativeTarget section */

/* Begin PBXProject section */
		41906711164A811300953614 /* Project object */ = {
			isa = PBXProject;
			attributes = {
				CLASSPREFIX = ToDo;
				LastUpgradeCheck = 0450;
				ORGANIZATIONNAME = Innovaworks;
			};
			buildConfigurationList = 41906714164A811300953614 /* Build configuration list for PBXProject "ToDo" */;
			compatibilityVersion = "Xcode 3.2";
			developmentRegion = English;
			hasScannedForEncodings = 0;
			knownRegions = (
				en,
			);
			mainGroup = 4190670F164A811300953614;
			productRefGroup = 4190671B164A811300953614 /* Products */;
			projectDirPath = "";
			projectRoot = "";
			targets = (
				41906719164A811300953614 /* ToDo */,
			);
		};
/* End PBXProject section */

/* Begin PBXResourcesBuildPhase section */
		41906718164A811300953614 /* Resources */ = {
			isa = PBXResourcesBuildPhase;
			buildActionMask = 2147483647;
			files = (
				4190672B164A811300953614 /* InfoPlist.strings in Resources */,
				41906733164A811300953614 /* Default.png in Resources */,
				41906735164A811300953614 /* Default@2x.png in Resources */,
				41906737164A811300953614 /* Default-568h@2x.png in Resources */,
				41906787164A92ED00953614 /* ToDoMainStoryboard.storyboard in Resources */,
			);
			runOnlyForDeploymentPostprocessing = 0;
		};
/* End PBXResourcesBuildPhase section */

/* Begin PBXSourcesBuildPhase section */
		41906716164A811300953614 /* Sources */ = {
			isa = PBXSourcesBuildPhase;
			buildActionMask = 2147483647;
			files = (
				4190672D164A811300953614 /* main.m in Sources */,
				41906731164A811300953614 /* ToDoAppDelegate.m in Sources */,
				4190673A164A811300953614 /* ToDo.xcdatamodeld in Sources */,
				4190678A164A955E00953614 /* ToDoListListViewController.m in Sources */,
				4190678D164A95C100953614 /* ToDoListItemListViewController.m in Sources */,
				41906790164A961500953614 /* ToDoListItemDetailsViewController.m in Sources */,
				41906799164AA20E00953614 /* ToDoList.m in Sources */,
				4190679C164AA20F00953614 /* ToDoListItem.m in Sources */,
				4190679F164AB02600953614 /* ToDoList+Customization.m in Sources */,
				41DA44B01653D5470063DFCF /* ToDoEditListViewController.m in Sources */,
			);
			runOnlyForDeploymentPostprocessing = 0;
		};
/* End PBXSourcesBuildPhase section */

/* Begin PBXVariantGroup section */
		41906729164A811300953614 /* InfoPlist.strings */ = {
			isa = PBXVariantGroup;
			children = (
				4190672A164A811300953614 /* en */,
			);
			name = InfoPlist.strings;
			sourceTree = "<group>";
		};
/* End PBXVariantGroup section */

/* Begin XCBuildConfiguration section */
		4190673B164A811300953614 /* Debug */ = {
			isa = XCBuildConfiguration;
			buildSettings = {
				ALWAYS_SEARCH_USER_PATHS = NO;
				CLANG_CXX_LANGUAGE_STANDARD = "gnu++0x";
				CLANG_CXX_LIBRARY = "libc++";
				CLANG_ENABLE_OBJC_ARC = YES;
				CLANG_WARN_EMPTY_BODY = YES;
				CLANG_WARN__DUPLICATE_METHOD_MATCH = YES;
				"CODE_SIGN_IDENTITY[sdk=iphoneos*]" = "iPhone Developer";
				COPY_PHASE_STRIP = NO;
				GCC_C_LANGUAGE_STANDARD = gnu99;
				GCC_DYNAMIC_NO_PIC = NO;
				GCC_OPTIMIZATION_LEVEL = 0;
				GCC_PREPROCESSOR_DEFINITIONS = (
					"DEBUG=1",
					"$(inherited)",
				);
				GCC_SYMBOLS_PRIVATE_EXTERN = NO;
				GCC_WARN_ABOUT_RETURN_TYPE = YES;
				GCC_WARN_UNINITIALIZED_AUTOS = YES;
				GCC_WARN_UNUSED_VARIABLE = YES;
				IPHONEOS_DEPLOYMENT_TARGET = 6.0;
				ONLY_ACTIVE_ARCH = YES;
				SDKROOT = iphoneos;
				TARGETED_DEVICE_FAMILY = "1,2";
			};
			name = Debug;
		};
		4190673C164A811300953614 /* Release */ = {
			isa = XCBuildConfiguration;
			buildSettings = {
				ALWAYS_SEARCH_USER_PATHS = NO;
				CLANG_CXX_LANGUAGE_STANDARD = "gnu++0x";
				CLANG_CXX_LIBRARY = "libc++";
				CLANG_ENABLE_OBJC_ARC = YES;
				CLANG_WARN_EMPTY_BODY = YES;
				CLANG_WARN__DUPLICATE_METHOD_MATCH = YES;
				"CODE_SIGN_IDENTITY[sdk=iphoneos*]" = "iPhone Developer";
				COPY_PHASE_STRIP = YES;
				GCC_C_LANGUAGE_STANDARD = gnu99;
				GCC_WARN_ABOUT_RETURN_TYPE = YES;
				GCC_WARN_UNINITIALIZED_AUTOS = YES;
				GCC_WARN_UNUSED_VARIABLE = YES;
				IPHONEOS_DEPLOYMENT_TARGET = 6.0;
				OTHER_CFLAGS = "-DNS_BLOCK_ASSERTIONS=1";
				SDKROOT = iphoneos;
				TARGETED_DEVICE_FAMILY = "1,2";
				VALIDATE_PRODUCT = YES;
			};
			name = Release;
		};
		4190673E164A811300953614 /* Debug */ = {
			isa = XCBuildConfiguration;
			buildSettings = {
				GCC_PRECOMPILE_PREFIX_HEADER = YES;
				GCC_PREFIX_HEADER = "ToDo/ToDo-Prefix.pch";
				INFOPLIST_FILE = "ToDo/ToDo-Info.plist";
				PRODUCT_NAME = "$(TARGET_NAME)";
				WRAPPER_EXTENSION = app;
			};
			name = Debug;
		};
		4190673F164A811300953614 /* Release */ = {
			isa = XCBuildConfiguration;
			buildSettings = {
				GCC_PRECOMPILE_PREFIX_HEADER = YES;
				GCC_PREFIX_HEADER = "ToDo/ToDo-Prefix.pch";
				INFOPLIST_FILE = "ToDo/ToDo-Info.plist";
				PRODUCT_NAME = "$(TARGET_NAME)";
				WRAPPER_EXTENSION = app;
			};
			name = Release;
		};
/* End XCBuildConfiguration section */

/* Begin XCConfigurationList section */
		41906714164A811300953614 /* Build configuration list for PBXProject "ToDo" */ = {
			isa = XCConfigurationList;
			buildConfigurations = (
				4190673B164A811300953614 /* Debug */,
				4190673C164A811300953614 /* Release */,
			);
			defaultConfigurationIsVisible = 0;
			defaultConfigurationName = Release;
		};
		4190673D164A811300953614 /* Build configuration list for PBXNativeTarget "ToDo" */ = {
			isa = XCConfigurationList;
			buildConfigurations = (
				4190673E164A811300953614 /* Debug */,
				4190673F164A811300953614 /* Release */,
			);
			defaultConfigurationIsVisible = 0;
			defaultConfigurationName = Release;
		};
/* End XCConfigurationList section */

/* Begin XCVersionGroup section */
		41906738164A811300953614 /* ToDo.xcdatamodeld */ = {
			isa = XCVersionGroup;
			children = (
				41906739164A811300953614 /* ToDo.xcdatamodel */,
			);
			currentVersion = 41906739164A811300953614 /* ToDo.xcdatamodel */;
			path = ToDo.xcdatamodeld;
			sourceTree = "<group>";
			versionGroupType = wrapper.xcdatamodel;
		};
/* End XCVersionGroup section */
	};
	rootObject = 41906711164A811300953614 /* Project object */;
}
